
Microsoft Visual Studio Solution File, Format Version 12.00
# Visual Studio Version 16
VisualStudioVersion = 16.0.30011.22
MinimumVisualStudioVersion = 10.0.40219.1
Project("{FAE04EC0-301F-11D3-BF4B-00C04F79EFBC}") = "AutomaticWip.Core", "AutomaticWip.Core\AutomaticWip.Core.csproj", "{DC3E5D11-0B5D-4737-A73E-C7D807ACA40A}"
EndProject
Project("{FAE04EC0-301F-11D3-BF4B-00C04F79EFBC}") = "AutomaticWip.Worker", "AutomaticWip.Worker\AutomaticWip.Worker.csproj", "{629F83C5-51AF-44E1-AD0E-5C8AB0A41C22}"
EndProject
Global
	GlobalSection(SolutionConfigurationPlatforms) = preSolution
		Debug|Any CPU = Debug|Any CPU
		Release|Any CPU = Release|Any CPU
	EndGlobalSection
	GlobalSection(ProjectConfigurationPlatforms) = postSolution
		{DC3E5D11-0B5D-4737-A73E-C7D807ACA40A}.Debug|Any CPU.ActiveCfg = Debug|Any CPU
		{DC3E5D11-0B5D-4737-A73E-C7D807ACA40A}.Debug|Any CPU.Build.0 = Debug|Any CPU
		{DC3E5D11-0B5D-4737-A73E-C7D807ACA40A}.Release|Any CPU.ActiveCfg = Release|Any CPU
		{DC3E5D11-0B5D-4737-A73E-C7D807ACA40A}.Release|Any CPU.Build.0 = Release|Any CPU
		{629F83C5-51AF-44E1-AD0E-5C8AB0A41C22}.Debug|Any CPU.ActiveCfg = Debug|Any CPU
		{629F83C5-51AF-44E1-AD0E-5C8AB0A41C22}.Debug|Any CPU.Build.0 = Debug|Any CPU
		{629F83C5-51AF-44E1-AD0E-5C8AB0A41C22}.Release|Any CPU.ActiveCfg = Release|Any CPU
		{629F83C5-51AF-44E1-AD0E-5C8AB0A41C22}.Release|Any CPU.Build.0 = Release|Any CPU
	EndGlobalSection
	GlobalSection(SolutionProperties) = preSolution
		HideSolutionNode = FALSE
	EndGlobalSection
	GlobalSection(ExtensibilityGlobals) = postSolution
		SolutionGuid = {8E98190B-46C8-4B73-A222-87C75299AA00}
	EndGlobalSection
EndGlobal
