
Microsoft Visual Studio Solution File, Format Version 12.00
# Visual Studio Version 16
VisualStudioVersion = 16.0.30517.126
MinimumVisualStudioVersion = 10.0.40219.1
Project("{FAE04EC0-301F-11D3-BF4B-00C04F79EFBC}") = "AutomaticWip.Contracts", "AutomaticWip.Contracts\AutomaticWip.Contracts.csproj", "{437EBE26-6F40-428F-9D91-87469970EA5A}"
EndProject
Project("{2150E333-8FDC-42A3-9474-1A3956D46DE8}") = "Modules", "Modules", "{5CDC02C1-F9C9-4B51-A790-41C4274DA15A}"
EndProject
Project("{2150E333-8FDC-42A3-9474-1A3956D46DE8}") = "Contracts", "Contracts", "{AC23CA8A-FFCB-47CF-B164-2701392BA22B}"
EndProject
Project("{2150E333-8FDC-42A3-9474-1A3956D46DE8}") = "ETL", "ETL", "{07BF47EE-3893-4678-96CD-3C241FEC4120}"
EndProject
Project("{FAE04EC0-301F-11D3-BF4B-00C04F79EFBC}") = "AutomaticWip.Modules.Excel", "AutomaticWip.Modules.Excel\AutomaticWip.Modules.Excel.csproj", "{AFD2D227-F1DE-42B5-AEDD-867AA8130D3F}"
EndProject
Project("{FAE04EC0-301F-11D3-BF4B-00C04F79EFBC}") = "AutomaticWip.Modules.Stocks", "AutomaticWip.Modules.Stocks\AutomaticWip.Modules.Stocks.csproj", "{57C711F0-40AB-4276-B7F1-3E9C50030D0F}"
EndProject
Project("{FAE04EC0-301F-11D3-BF4B-00C04F79EFBC}") = "AutomaticWip.Modules.Subsets", "AutomaticWip.Modules.Subsets\AutomaticWip.Modules.Subsets.csproj", "{07CF216B-E89C-4C27-9D0B-059E529CA268}"
EndProject
Project("{FAE04EC0-301F-11D3-BF4B-00C04F79EFBC}") = "AutomaticWip.Modules.Materials", "AutomaticWip.Modules.Materials\AutomaticWip.Modules.Materials.csproj", "{FF4C3E51-E30C-4C7B-B404-E048575815CB}"
EndProject
Project("{2150E333-8FDC-42A3-9474-1A3956D46DE8}") = "Web", "Web", "{E343719C-181C-4F4C-B4DC-3F6C43E1CBB9}"
EndProject
Project("{FAE04EC0-301F-11D3-BF4B-00C04F79EFBC}") = "AutomaticWip.RestAPI", "AutomaticWip.RestAPI\AutomaticWip.RestAPI.csproj", "{71EB5B47-F9FC-4493-A7B7-DD6221F41DE8}"
EndProject
Project("{FAE04EC0-301F-11D3-BF4B-00C04F79EFBC}") = "AutomaticWip.Web.Business", "AutomaticWip.Web.Business\AutomaticWip.Web.Business.csproj", "{917687EB-35D6-4BBD-8AAA-C865313D525E}"
EndProject
Project("{FAE04EC0-301F-11D3-BF4B-00C04F79EFBC}") = "AutomaticWip.ETL.Business", "AutomaticWip.ETL.Business\AutomaticWip.ETL.Business.csproj", "{4442A1D3-291D-4D6B-81AA-A59C0F46F67F}"
EndProject
Project("{FAE04EC0-301F-11D3-BF4B-00C04F79EFBC}") = "AutomaticWip.ETL", "AutomaticWip.ETL\AutomaticWip.ETL.csproj", "{832E4DF9-6F52-4AEC-BD2B-2CEADF9975CC}"
EndProject
Project("{2150E333-8FDC-42A3-9474-1A3956D46DE8}") = "Tests", "Tests", "{8228BF13-55EA-40C8-88E6-90C0A66A7A4F}"
EndProject
Project("{FAE04EC0-301F-11D3-BF4B-00C04F79EFBC}") = "ETLTests", "ETLTests\ETLTests.csproj", "{7D71ED88-797F-4D38-8183-EAE03DD13CA2}"
EndProject
Global
	GlobalSection(SolutionConfigurationPlatforms) = preSolution
		Debug|Any CPU = Debug|Any CPU
		Release|Any CPU = Release|Any CPU
	EndGlobalSection
	GlobalSection(ProjectConfigurationPlatforms) = postSolution
		{437EBE26-6F40-428F-9D91-87469970EA5A}.Debug|Any CPU.ActiveCfg = Debug|Any CPU
		{437EBE26-6F40-428F-9D91-87469970EA5A}.Debug|Any CPU.Build.0 = Debug|Any CPU
		{437EBE26-6F40-428F-9D91-87469970EA5A}.Release|Any CPU.ActiveCfg = Release|Any CPU
		{437EBE26-6F40-428F-9D91-87469970EA5A}.Release|Any CPU.Build.0 = Release|Any CPU
		{AFD2D227-F1DE-42B5-AEDD-867AA8130D3F}.Debug|Any CPU.ActiveCfg = Debug|Any CPU
		{AFD2D227-F1DE-42B5-AEDD-867AA8130D3F}.Debug|Any CPU.Build.0 = Debug|Any CPU
		{AFD2D227-F1DE-42B5-AEDD-867AA8130D3F}.Release|Any CPU.ActiveCfg = Release|Any CPU
		{AFD2D227-F1DE-42B5-AEDD-867AA8130D3F}.Release|Any CPU.Build.0 = Release|Any CPU
		{57C711F0-40AB-4276-B7F1-3E9C50030D0F}.Debug|Any CPU.ActiveCfg = Debug|Any CPU
		{57C711F0-40AB-4276-B7F1-3E9C50030D0F}.Debug|Any CPU.Build.0 = Debug|Any CPU
		{57C711F0-40AB-4276-B7F1-3E9C50030D0F}.Release|Any CPU.ActiveCfg = Release|Any CPU
		{57C711F0-40AB-4276-B7F1-3E9C50030D0F}.Release|Any CPU.Build.0 = Release|Any CPU
		{07CF216B-E89C-4C27-9D0B-059E529CA268}.Debug|Any CPU.ActiveCfg = Debug|Any CPU
		{07CF216B-E89C-4C27-9D0B-059E529CA268}.Debug|Any CPU.Build.0 = Debug|Any CPU
		{07CF216B-E89C-4C27-9D0B-059E529CA268}.Release|Any CPU.ActiveCfg = Release|Any CPU
		{07CF216B-E89C-4C27-9D0B-059E529CA268}.Release|Any CPU.Build.0 = Release|Any CPU
		{FF4C3E51-E30C-4C7B-B404-E048575815CB}.Debug|Any CPU.ActiveCfg = Debug|Any CPU
		{FF4C3E51-E30C-4C7B-B404-E048575815CB}.Debug|Any CPU.Build.0 = Debug|Any CPU
		{FF4C3E51-E30C-4C7B-B404-E048575815CB}.Release|Any CPU.ActiveCfg = Release|Any CPU
		{FF4C3E51-E30C-4C7B-B404-E048575815CB}.Release|Any CPU.Build.0 = Release|Any CPU
		{71EB5B47-F9FC-4493-A7B7-DD6221F41DE8}.Debug|Any CPU.ActiveCfg = Debug|Any CPU
		{71EB5B47-F9FC-4493-A7B7-DD6221F41DE8}.Debug|Any CPU.Build.0 = Debug|Any CPU
		{71EB5B47-F9FC-4493-A7B7-DD6221F41DE8}.Release|Any CPU.ActiveCfg = Release|Any CPU
		{71EB5B47-F9FC-4493-A7B7-DD6221F41DE8}.Release|Any CPU.Build.0 = Release|Any CPU
		{917687EB-35D6-4BBD-8AAA-C865313D525E}.Debug|Any CPU.ActiveCfg = Debug|Any CPU
		{917687EB-35D6-4BBD-8AAA-C865313D525E}.Debug|Any CPU.Build.0 = Debug|Any CPU
		{917687EB-35D6-4BBD-8AAA-C865313D525E}.Release|Any CPU.ActiveCfg = Release|Any CPU
		{917687EB-35D6-4BBD-8AAA-C865313D525E}.Release|Any CPU.Build.0 = Release|Any CPU
		{4442A1D3-291D-4D6B-81AA-A59C0F46F67F}.Debug|Any CPU.ActiveCfg = Debug|Any CPU
		{4442A1D3-291D-4D6B-81AA-A59C0F46F67F}.Debug|Any CPU.Build.0 = Debug|Any CPU
		{4442A1D3-291D-4D6B-81AA-A59C0F46F67F}.Release|Any CPU.ActiveCfg = Release|Any CPU
		{4442A1D3-291D-4D6B-81AA-A59C0F46F67F}.Release|Any CPU.Build.0 = Release|Any CPU
		{832E4DF9-6F52-4AEC-BD2B-2CEADF9975CC}.Debug|Any CPU.ActiveCfg = Debug|Any CPU
		{832E4DF9-6F52-4AEC-BD2B-2CEADF9975CC}.Debug|Any CPU.Build.0 = Debug|Any CPU
		{832E4DF9-6F52-4AEC-BD2B-2CEADF9975CC}.Release|Any CPU.ActiveCfg = Release|Any CPU
		{832E4DF9-6F52-4AEC-BD2B-2CEADF9975CC}.Release|Any CPU.Build.0 = Release|Any CPU
		{7D71ED88-797F-4D38-8183-EAE03DD13CA2}.Debug|Any CPU.ActiveCfg = Debug|Any CPU
		{7D71ED88-797F-4D38-8183-EAE03DD13CA2}.Debug|Any CPU.Build.0 = Debug|Any CPU
		{7D71ED88-797F-4D38-8183-EAE03DD13CA2}.Release|Any CPU.ActiveCfg = Release|Any CPU
		{7D71ED88-797F-4D38-8183-EAE03DD13CA2}.Release|Any CPU.Build.0 = Release|Any CPU
	EndGlobalSection
	GlobalSection(SolutionProperties) = preSolution
		HideSolutionNode = FALSE
	EndGlobalSection
	GlobalSection(NestedProjects) = preSolution
		{437EBE26-6F40-428F-9D91-87469970EA5A} = {AC23CA8A-FFCB-47CF-B164-2701392BA22B}
		{AFD2D227-F1DE-42B5-AEDD-867AA8130D3F} = {5CDC02C1-F9C9-4B51-A790-41C4274DA15A}
		{57C711F0-40AB-4276-B7F1-3E9C50030D0F} = {5CDC02C1-F9C9-4B51-A790-41C4274DA15A}
		{07CF216B-E89C-4C27-9D0B-059E529CA268} = {5CDC02C1-F9C9-4B51-A790-41C4274DA15A}
		{FF4C3E51-E30C-4C7B-B404-E048575815CB} = {5CDC02C1-F9C9-4B51-A790-41C4274DA15A}
		{71EB5B47-F9FC-4493-A7B7-DD6221F41DE8} = {E343719C-181C-4F4C-B4DC-3F6C43E1CBB9}
		{917687EB-35D6-4BBD-8AAA-C865313D525E} = {E343719C-181C-4F4C-B4DC-3F6C43E1CBB9}
		{4442A1D3-291D-4D6B-81AA-A59C0F46F67F} = {07BF47EE-3893-4678-96CD-3C241FEC4120}
		{832E4DF9-6F52-4AEC-BD2B-2CEADF9975CC} = {07BF47EE-3893-4678-96CD-3C241FEC4120}
		{7D71ED88-797F-4D38-8183-EAE03DD13CA2} = {8228BF13-55EA-40C8-88E6-90C0A66A7A4F}
	EndGlobalSection
	GlobalSection(ExtensibilityGlobals) = postSolution
		SolutionGuid = {71903532-C5C5-4600-ABA9-C890C38B867C}
	EndGlobalSection
EndGlobal
